// !$*UTF8*$!
{
	archiveVersion = 1;
	classes = {
	};
	objectVersion = 50;
	objects = {

/* Begin PBXBuildFile section */
		C945BEBD254024BD00A6E173 /* AppDelegate.swift in Sources */ = {isa = PBXBuildFile; fileRef = C945BEBC254024BD00A6E173 /* AppDelegate.swift */; };
		C945BEBF254024BD00A6E173 /* SceneDelegate.swift in Sources */ = {isa = PBXBuildFile; fileRef = C945BEBE254024BD00A6E173 /* SceneDelegate.swift */; };
		C945BEC1254024BD00A6E173 /* MainViewController.swift in Sources */ = {isa = PBXBuildFile; fileRef = C945BEC0254024BD00A6E173 /* MainViewController.swift */; };
		C945BEC4254024BD00A6E173 /* Main.storyboard in Resources */ = {isa = PBXBuildFile; fileRef = C945BEC2254024BD00A6E173 /* Main.storyboard */; };
		C945BEC6254024BF00A6E173 /* Assets.xcassets in Resources */ = {isa = PBXBuildFile; fileRef = C945BEC5254024BF00A6E173 /* Assets.xcassets */; };
		C945BEC9254024BF00A6E173 /* LaunchScreen.storyboard in Resources */ = {isa = PBXBuildFile; fileRef = C945BEC7254024BF00A6E173 /* LaunchScreen.storyboard */; };
/* End PBXBuildFile section */

/* Begin PBXFileReference section */
		C945BEB9254024BD00A6E173 /* Towards14.app */ = {isa = PBXFileReference; explicitFileType = wrapper.application; includeInIndex = 0; path = Towards14.app; sourceTree = BUILT_PRODUCTS_DIR; };
		C945BEBC254024BD00A6E173 /* AppDelegate.swift */ = {isa = PBXFileReference; lastKnownFileType = sourcecode.swift; path = AppDelegate.swift; sourceTree = "<group>"; };
		C945BEBE254024BD00A6E173 /* SceneDelegate.swift */ = {isa = PBXFileReference; lastKnownFileType = sourcecode.swift; path = SceneDelegate.swift; sourceTree = "<group>"; };
		C945BEC0254024BD00A6E173 /* MainViewController.swift */ = {isa = PBXFileReference; lastKnownFileType = sourcecode.swift; path = MainViewController.swift; sourceTree = "<group>"; };
		C945BEC3254024BD00A6E173 /* Base */ = {isa = PBXFileReference; lastKnownFileType = file.storyboard; name = Base; path = Base.lproj/Main.storyboard; sourceTree = "<group>"; };
		C945BEC5254024BF00A6E173 /* Assets.xcassets */ = {isa = PBXFileReference; lastKnownFileType = folder.assetcatalog; path = Assets.xcassets; sourceTree = "<group>"; };
		C945BEC8254024BF00A6E173 /* Base */ = {isa = PBXFileReference; lastKnownFileType = file.storyboard; name = Base; path = Base.lproj/LaunchScreen.storyboard; sourceTree = "<group>"; };
		C945BECA254024BF00A6E173 /* Info.plist */ = {isa = PBXFileReference; lastKnownFileType = text.plist.xml; path = Info.plist; sourceTree = "<group>"; };
/* End PBXFileReference section */

/* Begin PBXFrameworksBuildPhase section */
		C945BEB6254024BD00A6E173 /* Frameworks */ = {
			isa = PBXFrameworksBuildPhase;
			buildActionMask = 2147483647;
			files = (
			);
			runOnlyForDeploymentPostprocessing = 0;
		};
/* End PBXFrameworksBuildPhase section */

/* Begin PBXGroup section */
		C945BEB0254024BD00A6E173 = {
			isa = PBXGroup;
			children = (
				C945BEBB254024BD00A6E173 /* Towards14 */,
				C945BEBA254024BD00A6E173 /* Products */,
			);
			sourceTree = "<group>";
		};
		C945BEBA254024BD00A6E173 /* Products */ = {
			isa = PBXGroup;
			children = (
				C945BEB9254024BD00A6E173 /* Towards14.app */,
			);
			name = Products;
			sourceTree = "<group>";
		};
		C945BEBB254024BD00A6E173 /* Towards14 */ = {
			isa = PBXGroup;
			children = (
				C945BED02540484600A6E173 /* Main */,
				C945BEBC254024BD00A6E173 /* AppDelegate.swift */,
				C945BEBE254024BD00A6E173 /* SceneDelegate.swift */,
				C945BEC5254024BF00A6E173 /* Assets.xcassets */,
				C945BEC7254024BF00A6E173 /* LaunchScreen.storyboard */,
				C945BECA254024BF00A6E173 /* Info.plist */,
			);
			path = Towards14;
			sourceTree = "<group>";
		};
		C945BED02540484600A6E173 /* Main */ = {
			isa = PBXGroup;
			children = (
				C945BEC2254024BD00A6E173 /* Main.storyboard */,
				C945BEC0254024BD00A6E173 /* MainViewController.swift */,
			);
			path = Main;
			sourceTree = "<group>";
		};
/* End PBXGroup section */

/* Begin PBXNativeTarget section */
		C945BEB8254024BD00A6E173 /* Towards14 */ = {
			isa = PBXNativeTarget;
			buildConfigurationList = C945BECD254024BF00A6E173 /* Build configuration list for PBXNativeTarget "Towards14" */;
			buildPhases = (
				C945BEB5254024BD00A6E173 /* Sources */,
				C945BEB6254024BD00A6E173 /* Frameworks */,
				C945BEB7254024BD00A6E173 /* Resources */,
			);
			buildRules = (
			);
			dependencies = (
			);
			name = Towards14;
			productName = Towards14;
			productReference = C945BEB9254024BD00A6E173 /* Towards14.app */;
			productType = "com.apple.product-type.application";
		};
/* End PBXNativeTarget section */

/* Begin PBXProject section */
		C945BEB1254024BD00A6E173 /* Project object */ = {
			isa = PBXProject;
			attributes = {
				LastSwiftUpdateCheck = 1170;
				LastUpgradeCheck = 1170;
				ORGANIZATIONNAME = "林 大地";
				TargetAttributes = {
					C945BEB8254024BD00A6E173 = {
						CreatedOnToolsVersion = 11.7;
					};
				};
			};
			buildConfigurationList = C945BEB4254024BD00A6E173 /* Build configuration list for PBXProject "Towards14" */;
			compatibilityVersion = "Xcode 9.3";
			developmentRegion = en;
			hasScannedForEncodings = 0;
			knownRegions = (
				en,
				Base,
			);
			mainGroup = C945BEB0254024BD00A6E173;
			productRefGroup = C945BEBA254024BD00A6E173 /* Products */;
			projectDirPath = "";
			projectRoot = "";
			targets = (
				C945BEB8254024BD00A6E173 /* Towards14 */,
			);
		};
/* End PBXProject section */

/* Begin PBXResourcesBuildPhase section */
		C945BEB7254024BD00A6E173 /* Resources */ = {
			isa = PBXResourcesBuildPhase;
			buildActionMask = 2147483647;
			files = (
				C945BEC9254024BF00A6E173 /* LaunchScreen.storyboard in Resources */,
				C945BEC6254024BF00A6E173 /* Assets.xcassets in Resources */,
				C945BEC4254024BD00A6E173 /* Main.storyboard in Resources */,
			);
			runOnlyForDeploymentPostprocessing = 0;
		};
/* End PBXResourcesBuildPhase section */

/* Begin PBXSourcesBuildPhase section */
		C945BEB5254024BD00A6E173 /* Sources */ = {
			isa = PBXSourcesBuildPhase;
			buildActionMask = 2147483647;
			files = (
				C945BEC1254024BD00A6E173 /* MainViewController.swift in Sources */,
				C945BEBD254024BD00A6E173 /* AppDelegate.swift in Sources */,
				C945BEBF254024BD00A6E173 /* SceneDelegate.swift in Sources */,
			);
			runOnlyForDeploymentPostprocessing = 0;
		};
/* End PBXSourcesBuildPhase section */

/* Begin PBXVariantGroup section */
		C945BEC2254024BD00A6E173 /* Main.storyboard */ = {
			isa = PBXVariantGroup;
			children = (
				C945BEC3254024BD00A6E173 /* Base */,
			);
			name = Main.storyboard;
			sourceTree = "<group>";
		};
		C945BEC7254024BF00A6E173 /* LaunchScreen.storyboard */ = {
			isa = PBXVariantGroup;
			children = (
				C945BEC8254024BF00A6E173 /* Base */,
			);
			name = LaunchScreen.storyboard;
			sourceTree = "<group>";
		};
/* End PBXVariantGroup section */

/* Begin XCBuildConfiguration section */
		C945BECB254024BF00A6E173 /* Debug */ = {
			isa = XCBuildConfiguration;
			buildSettings = {
				ALWAYS_SEARCH_USER_PATHS = NO;
				CLANG_ANALYZER_NONNULL = YES;
				CLANG_ANALYZER_NUMBER_OBJECT_CONVERSION = YES_AGGRESSIVE;
				CLANG_CXX_LANGUAGE_STANDARD = "gnu++14";
				CLANG_CXX_LIBRARY = "libc++";
				CLANG_ENABLE_MODULES = YES;
				CLANG_ENABLE_OBJC_ARC = YES;
				CLANG_ENABLE_OBJC_WEAK = YES;
				CLANG_WARN_BLOCK_CAPTURE_AUTORELEASING = YES;
				CLANG_WARN_BOOL_CONVERSION = YES;
				CLANG_WARN_COMMA = YES;
				CLANG_WARN_CONSTANT_CONVERSION = YES;
				CLANG_WARN_DEPRECATED_OBJC_IMPLEMENTATIONS = YES;
				CLANG_WARN_DIRECT_OBJC_ISA_USAGE = YES_ERROR;
				CLANG_WARN_DOCUMENTATION_COMMENTS = YES;
				CLANG_WARN_EMPTY_BODY = YES;
				CLANG_WARN_ENUM_CONVERSION = YES;
				CLANG_WARN_INFINITE_RECURSION = YES;
				CLANG_WARN_INT_CONVERSION = YES;
				CLANG_WARN_NON_LITERAL_NULL_CONVERSION = YES;
				CLANG_WARN_OBJC_IMPLICIT_RETAIN_SELF = YES;
				CLANG_WARN_OBJC_LITERAL_CONVERSION = YES;
				CLANG_WARN_OBJC_ROOT_CLASS = YES_ERROR;
				CLANG_WARN_RANGE_LOOP_ANALYSIS = YES;
				CLANG_WARN_STRICT_PROTOTYPES = YES;
				CLANG_WARN_SUSPICIOUS_MOVE = YES;
				CLANG_WARN_UNGUARDED_AVAILABILITY = YES_AGGRESSIVE;
				CLANG_WARN_UNREACHABLE_CODE = YES;
				CLANG_WARN__DUPLICATE_METHOD_MATCH = YES;
				COPY_PHASE_STRIP = NO;
				DEBUG_INFORMATION_FORMAT = dwarf;
				ENABLE_STRICT_OBJC_MSGSEND = YES;
				ENABLE_TESTABILITY = YES;
				GCC_C_LANGUAGE_STANDARD = gnu11;
				GCC_DYNAMIC_NO_PIC = NO;
				GCC_NO_COMMON_BLOCKS = YES;
				GCC_OPTIMIZATION_LEVEL = 0;
				GCC_PREPROCESSOR_DEFINITIONS = (
					"DEBUG=1",
					"$(inherited)",
				);
				GCC_WARN_64_TO_32_BIT_CONVERSION = YES;
				GCC_WARN_ABOUT_RETURN_TYPE = YES_ERROR;
				GCC_WARN_UNDECLARED_SELECTOR = YES;
				GCC_WARN_UNINITIALIZED_AUTOS = YES_AGGRESSIVE;
				GCC_WARN_UNUSED_FUNCTION = YES;
				GCC_WARN_UNUSED_VARIABLE = YES;
				IPHONEOS_DEPLOYMENT_TARGET = 13.7;
				MTL_ENABLE_DEBUG_INFO = INCLUDE_SOURCE;
				MTL_FAST_MATH = YES;
				ONLY_ACTIVE_ARCH = YES;
				SDKROOT = iphoneos;
				SWIFT_ACTIVE_COMPILATION_CONDITIONS = DEBUG;
				SWIFT_OPTIMIZATION_LEVEL = "-Onone";
			};
			name = Debug;
		};
		C945BECC254024BF00A6E173 /* Release */ = {
			isa = XCBuildConfiguration;
			buildSettings = {
				ALWAYS_SEARCH_USER_PATHS = NO;
				CLANG_ANALYZER_NONNULL = YES;
				CLANG_ANALYZER_NUMBER_OBJECT_CONVERSION = YES_AGGRESSIVE;
				CLANG_CXX_LANGUAGE_STANDARD = "gnu++14";
				CLANG_CXX_LIBRARY = "libc++";
				CLANG_ENABLE_MODULES = YES;
				CLANG_ENABLE_OBJC_ARC = YES;
				CLANG_ENABLE_OBJC_WEAK = YES;
				CLANG_WARN_BLOCK_CAPTURE_AUTORELEASING = YES;
				CLANG_WARN_BOOL_CONVERSION = YES;
				CLANG_WARN_COMMA = YES;
				CLANG_WARN_CONSTANT_CONVERSION = YES;
				CLANG_WARN_DEPRECATED_OBJC_IMPLEMENTATIONS = YES;
				CLANG_WARN_DIRECT_OBJC_ISA_USAGE = YES_ERROR;
				CLANG_WARN_DOCUMENTATION_COMMENTS = YES;
				CLANG_WARN_EMPTY_BODY = YES;
				CLANG_WARN_ENUM_CONVERSION = YES;
				CLANG_WARN_INFINITE_RECURSION = YES;
				CLANG_WARN_INT_CONVERSION = YES;
				CLANG_WARN_NON_LITERAL_NULL_CONVERSION = YES;
				CLANG_WARN_OBJC_IMPLICIT_RETAIN_SELF = YES;
				CLANG_WARN_OBJC_LITERAL_CONVERSION = YES;
				CLANG_WARN_OBJC_ROOT_CLASS = YES_ERROR;
				CLANG_WARN_RANGE_LOOP_ANALYSIS = YES;
				CLANG_WARN_STRICT_PROTOTYPES = YES;
				CLANG_WARN_SUSPICIOUS_MOVE = YES;
				CLANG_WARN_UNGUARDED_AVAILABILITY = YES_AGGRESSIVE;
				CLANG_WARN_UNREACHABLE_CODE = YES;
				CLANG_WARN__DUPLICATE_METHOD_MATCH = YES;
				COPY_PHASE_STRIP = NO;
				DEBUG_INFORMATION_FORMAT = "dwarf-with-dsym";
				ENABLE_NS_ASSERTIONS = NO;
				ENABLE_STRICT_OBJC_MSGSEND = YES;
				GCC_C_LANGUAGE_STANDARD = gnu11;
				GCC_NO_COMMON_BLOCKS = YES;
				GCC_WARN_64_TO_32_BIT_CONVERSION = YES;
				GCC_WARN_ABOUT_RETURN_TYPE = YES_ERROR;
				GCC_WARN_UNDECLARED_SELECTOR = YES;
				GCC_WARN_UNINITIALIZED_AUTOS = YES_AGGRESSIVE;
				GCC_WARN_UNUSED_FUNCTION = YES;
				GCC_WARN_UNUSED_VARIABLE = YES;
				IPHONEOS_DEPLOYMENT_TARGET = 13.7;
				MTL_ENABLE_DEBUG_INFO = NO;
				MTL_FAST_MATH = YES;
				SDKROOT = iphoneos;
				SWIFT_COMPILATION_MODE = wholemodule;
				SWIFT_OPTIMIZATION_LEVEL = "-O";
				VALIDATE_PRODUCT = YES;
			};
			name = Release;
		};
		C945BECE254024BF00A6E173 /* Debug */ = {
			isa = XCBuildConfiguration;
			buildSettings = {
				ASSETCATALOG_COMPILER_APPICON_NAME = AppIcon;
				CODE_SIGN_STYLE = Automatic;
				DEVELOPMENT_TEAM = THGNJYN4U3;
				INFOPLIST_FILE = Towards14/Info.plist;
				LD_RUNPATH_SEARCH_PATHS = (
					"$(inherited)",
					"@executable_path/Frameworks",
				);
				PRODUCT_BUNDLE_IDENTIFIER = com.daichi.hayashi.Towards14;
				PRODUCT_NAME = "$(TARGET_NAME)";
				SWIFT_VERSION = 5.0;
				TARGETED_DEVICE_FAMILY = "1,2";
			};
			name = Debug;
		};
		C945BECF254024BF00A6E173 /* Release */ = {
			isa = XCBuildConfiguration;
			buildSettings = {
				ASSETCATALOG_COMPILER_APPICON_NAME = AppIcon;
				CODE_SIGN_STYLE = Automatic;
				DEVELOPMENT_TEAM = THGNJYN4U3;
				INFOPLIST_FILE = Towards14/Info.plist;
				LD_RUNPATH_SEARCH_PATHS = (
					"$(inherited)",
					"@executable_path/Frameworks",
				);
				PRODUCT_BUNDLE_IDENTIFIER = com.daichi.hayashi.Towards14;
				PRODUCT_NAME = "$(TARGET_NAME)";
				SWIFT_VERSION = 5.0;
				TARGETED_DEVICE_FAMILY = "1,2";
			};
			name = Release;
		};
/* End XCBuildConfiguration section */

/* Begin XCConfigurationList section */
		C945BEB4254024BD00A6E173 /* Build configuration list for PBXProject "Towards14" */ = {
			isa = XCConfigurationList;
			buildConfigurations = (
				C945BECB254024BF00A6E173 /* Debug */,
				C945BECC254024BF00A6E173 /* Release */,
			);
			defaultConfigurationIsVisible = 0;
			defaultConfigurationName = Release;
		};
		C945BECD254024BF00A6E173 /* Build configuration list for PBXNativeTarget "Towards14" */ = {
			isa = XCConfigurationList;
			buildConfigurations = (
				C945BECE254024BF00A6E173 /* Debug */,
				C945BECF254024BF00A6E173 /* Release */,
			);
			defaultConfigurationIsVisible = 0;
			defaultConfigurationName = Release;
		};
/* End XCConfigurationList section */
	};
	rootObject = C945BEB1254024BD00A6E173 /* Project object */;
}
